// !$*UTF8*$!
{
	archiveVersion = 1;
	classes = {
	};
	objectVersion = 55;
	objects = {

/* Begin PBXBuildFile section */
		0CABEC8E28DE31E900B9D25E /* MathBox.swift in Sources */ = {isa = PBXBuildFile; fileRef = 0CABEC8D28DE31E900B9D25E /* MathBox.swift */; };
		0CABEC9628DE69D900B9D25E /* MatcherTests.swift in Sources */ = {isa = PBXBuildFile; fileRef = 0CABEC9528DE69D900B9D25E /* MatcherTests.swift */; };
		0CABEC9728DE69D900B9D25E /* Matcher.framework in Frameworks */ = {isa = PBXBuildFile; fileRef = 0CF21B8E28DE305B007D57EE /* Matcher.framework */; };
		0CF21B9228DE305B007D57EE /* Matcher.h in Headers */ = {isa = PBXBuildFile; fileRef = 0CF21B9128DE305B007D57EE /* Matcher.h */; settings = {ATTRIBUTES = (Public, ); }; };
		0CF21B9F28DE30FE007D57EE /* ModKit.framework in Frameworks */ = {isa = PBXBuildFile; fileRef = 0CF21B9D28DE30EA007D57EE /* ModKit.framework */; };
/* End PBXBuildFile section */

/* Begin PBXContainerItemProxy section */
		0CABEC9828DE69D900B9D25E /* PBXContainerItemProxy */ = {
			isa = PBXContainerItemProxy;
			containerPortal = 0CF21B8528DE305B007D57EE /* Project object */;
			proxyType = 1;
			remoteGlobalIDString = 0CF21B8D28DE305B007D57EE;
			remoteInfo = Matcher;
		};
		0CF21B9C28DE30EA007D57EE /* PBXContainerItemProxy */ = {
			isa = PBXContainerItemProxy;
			containerPortal = 0CF21B9828DE30EA007D57EE /* ModKit.xcodeproj */;
			proxyType = 2;
			remoteGlobalIDString = 0CBA44FC28D4FE92006F6DAF;
			remoteInfo = ModKit;
		};
/* End PBXContainerItemProxy section */

/* Begin PBXFileReference section */
		0CABEC8D28DE31E900B9D25E /* MathBox.swift */ = {isa = PBXFileReference; lastKnownFileType = sourcecode.swift; path = MathBox.swift; sourceTree = "<group>"; };
		0CABEC9328DE69D900B9D25E /* MatcherTests.xctest */ = {isa = PBXFileReference; explicitFileType = wrapper.cfbundle; includeInIndex = 0; path = MatcherTests.xctest; sourceTree = BUILT_PRODUCTS_DIR; };
		0CABEC9528DE69D900B9D25E /* MatcherTests.swift */ = {isa = PBXFileReference; lastKnownFileType = sourcecode.swift; path = MatcherTests.swift; sourceTree = "<group>"; };
		0CF21B8E28DE305B007D57EE /* Matcher.framework */ = {isa = PBXFileReference; explicitFileType = wrapper.framework; includeInIndex = 0; path = Matcher.framework; sourceTree = BUILT_PRODUCTS_DIR; };
		0CF21B9128DE305B007D57EE /* Matcher.h */ = {isa = PBXFileReference; lastKnownFileType = sourcecode.c.h; path = Matcher.h; sourceTree = "<group>"; };
		0CF21B9828DE30EA007D57EE /* ModKit.xcodeproj */ = {isa = PBXFileReference; lastKnownFileType = "wrapper.pb-project"; name = ModKit.xcodeproj; path = ../ModKit/ModKit.xcodeproj; sourceTree = "<group>"; };
/* End PBXFileReference section */

/* Begin PBXFrameworksBuildPhase section */
		0CABEC9028DE69D900B9D25E /* Frameworks */ = {
			isa = PBXFrameworksBuildPhase;
			buildActionMask = 2147483647;
			files = (
				0CABEC9728DE69D900B9D25E /* Matcher.framework in Frameworks */,
			);
			runOnlyForDeploymentPostprocessing = 0;
		};
		0CF21B8B28DE305B007D57EE /* Frameworks */ = {
			isa = PBXFrameworksBuildPhase;
			buildActionMask = 2147483647;
			files = (
				0CF21B9F28DE30FE007D57EE /* ModKit.framework in Frameworks */,
			);
			runOnlyForDeploymentPostprocessing = 0;
		};
/* End PBXFrameworksBuildPhase section */

/* Begin PBXGroup section */
		0CABEC9428DE69D900B9D25E /* MatcherTests */ = {
			isa = PBXGroup;
			children = (
				0CABEC9528DE69D900B9D25E /* MatcherTests.swift */,
			);
			path = MatcherTests;
			sourceTree = "<group>";
		};
		0CF21B8428DE305B007D57EE = {
			isa = PBXGroup;
			children = (
				0CF21B9828DE30EA007D57EE /* ModKit.xcodeproj */,
				0CF21B9028DE305B007D57EE /* Matcher */,
				0CABEC9428DE69D900B9D25E /* MatcherTests */,
				0CF21B8F28DE305B007D57EE /* Products */,
				0CF21B9E28DE30FE007D57EE /* Frameworks */,
			);
			sourceTree = "<group>";
		};
		0CF21B8F28DE305B007D57EE /* Products */ = {
			isa = PBXGroup;
			children = (
				0CF21B8E28DE305B007D57EE /* Matcher.framework */,
				0CABEC9328DE69D900B9D25E /* MatcherTests.xctest */,
			);
			name = Products;
			sourceTree = "<group>";
		};
		0CF21B9028DE305B007D57EE /* Matcher */ = {
			isa = PBXGroup;
			children = (
				0CF21B9128DE305B007D57EE /* Matcher.h */,
				0CABEC8D28DE31E900B9D25E /* MathBox.swift */,
			);
			path = Matcher;
			sourceTree = "<group>";
		};
		0CF21B9928DE30EA007D57EE /* Products */ = {
			isa = PBXGroup;
			children = (
				0CF21B9D28DE30EA007D57EE /* ModKit.framework */,
			);
			name = Products;
			sourceTree = "<group>";
		};
		0CF21B9E28DE30FE007D57EE /* Frameworks */ = {
			isa = PBXGroup;
			children = (
			);
			name = Frameworks;
			sourceTree = "<group>";
		};
/* End PBXGroup section */

/* Begin PBXHeadersBuildPhase section */
		0CF21B8928DE305B007D57EE /* Headers */ = {
			isa = PBXHeadersBuildPhase;
			buildActionMask = 2147483647;
			files = (
				0CF21B9228DE305B007D57EE /* Matcher.h in Headers */,
			);
			runOnlyForDeploymentPostprocessing = 0;
		};
/* End PBXHeadersBuildPhase section */

/* Begin PBXNativeTarget section */
		0CABEC9228DE69D900B9D25E /* MatcherTests */ = {
			isa = PBXNativeTarget;
			buildConfigurationList = 0CABEC9A28DE69D900B9D25E /* Build configuration list for PBXNativeTarget "MatcherTests" */;
			buildPhases = (
				0CABEC8F28DE69D900B9D25E /* Sources */,
				0CABEC9028DE69D900B9D25E /* Frameworks */,
				0CABEC9128DE69D900B9D25E /* Resources */,
			);
			buildRules = (
			);
			dependencies = (
				0CABEC9928DE69D900B9D25E /* PBXTargetDependency */,
			);
			name = MatcherTests;
			productName = MatcherTests;
			productReference = 0CABEC9328DE69D900B9D25E /* MatcherTests.xctest */;
			productType = "com.apple.product-type.bundle.unit-test";
		};
		0CF21B8D28DE305B007D57EE /* Matcher */ = {
			isa = PBXNativeTarget;
			buildConfigurationList = 0CF21B9528DE305B007D57EE /* Build configuration list for PBXNativeTarget "Matcher" */;
			buildPhases = (
				0CF21B8928DE305B007D57EE /* Headers */,
				0CF21B8A28DE305B007D57EE /* Sources */,
				0CF21B8B28DE305B007D57EE /* Frameworks */,
				0CF21B8C28DE305B007D57EE /* Resources */,
			);
			buildRules = (
			);
			dependencies = (
			);
			name = Matcher;
			productName = Matcher;
			productReference = 0CF21B8E28DE305B007D57EE /* Matcher.framework */;
			productType = "com.apple.product-type.framework";
		};
/* End PBXNativeTarget section */

/* Begin PBXProject section */
		0CF21B8528DE305B007D57EE /* Project object */ = {
			isa = PBXProject;
			attributes = {
				BuildIndependentTargetsInParallel = 1;
				LastSwiftUpdateCheck = 1340;
				LastUpgradeCheck = 1340;
				TargetAttributes = {
					0CABEC9228DE69D900B9D25E = {
						CreatedOnToolsVersion = 13.4.1;
					};
					0CF21B8D28DE305B007D57EE = {
						CreatedOnToolsVersion = 13.4.1;
						LastSwiftMigration = 1340;
					};
				};
			};
			buildConfigurationList = 0CF21B8828DE305B007D57EE /* Build configuration list for PBXProject "Matcher" */;
			compatibilityVersion = "Xcode 13.0";
			developmentRegion = en;
			hasScannedForEncodings = 0;
			knownRegions = (
				en,
				Base,
			);
			mainGroup = 0CF21B8428DE305B007D57EE;
			productRefGroup = 0CF21B8F28DE305B007D57EE /* Products */;
			projectDirPath = "";
			projectReferences = (
				{
					ProductGroup = 0CF21B9928DE30EA007D57EE /* Products */;
					ProjectRef = 0CF21B9828DE30EA007D57EE /* ModKit.xcodeproj */;
				},
			);
			projectRoot = "";
			targets = (
				0CF21B8D28DE305B007D57EE /* Matcher */,
				0CABEC9228DE69D900B9D25E /* MatcherTests */,
			);
		};
/* End PBXProject section */

/* Begin PBXReferenceProxy section */
		0CF21B9D28DE30EA007D57EE /* ModKit.framework */ = {
			isa = PBXReferenceProxy;
			fileType = wrapper.framework;
			path = ModKit.framework;
			remoteRef = 0CF21B9C28DE30EA007D57EE /* PBXContainerItemProxy */;
			sourceTree = BUILT_PRODUCTS_DIR;
		};
/* End PBXReferenceProxy section */

/* Begin PBXResourcesBuildPhase section */
		0CABEC9128DE69D900B9D25E /* Resources */ = {
			isa = PBXResourcesBuildPhase;
			buildActionMask = 2147483647;
			files = (
			);
			runOnlyForDeploymentPostprocessing = 0;
		};
		0CF21B8C28DE305B007D57EE /* Resources */ = {
			isa = PBXResourcesBuildPhase;
			buildActionMask = 2147483647;
			files = (
			);
			runOnlyForDeploymentPostprocessing = 0;
		};
/* End PBXResourcesBuildPhase section */

/* Begin PBXSourcesBuildPhase section */
		0CABEC8F28DE69D900B9D25E /* Sources */ = {
			isa = PBXSourcesBuildPhase;
			buildActionMask = 2147483647;
			files = (
				0CABEC9628DE69D900B9D25E /* MatcherTests.swift in Sources */,
			);
			runOnlyForDeploymentPostprocessing = 0;
		};
		0CF21B8A28DE305B007D57EE /* Sources */ = {
			isa = PBXSourcesBuildPhase;
			buildActionMask = 2147483647;
			files = (
				0CABEC8E28DE31E900B9D25E /* MathBox.swift in Sources */,
			);
			runOnlyForDeploymentPostprocessing = 0;
		};
/* End PBXSourcesBuildPhase section */

/* Begin PBXTargetDependency section */
		0CABEC9928DE69D900B9D25E /* PBXTargetDependency */ = {
			isa = PBXTargetDependency;
			target = 0CF21B8D28DE305B007D57EE /* Matcher */;
			targetProxy = 0CABEC9828DE69D900B9D25E /* PBXContainerItemProxy */;
		};
/* End PBXTargetDependency section */

/* Begin XCBuildConfiguration section */
		0CABEC9B28DE69D900B9D25E /* Debug */ = {
			isa = XCBuildConfiguration;
			buildSettings = {
				CODE_SIGN_STYLE = Automatic;
				CURRENT_PROJECT_VERSION = 1;
				GENERATE_INFOPLIST_FILE = YES;
				MARKETING_VERSION = 1.0;
				PRODUCT_BUNDLE_IDENTIFIER = "com.gosha-titov.MatcherTests";
				PRODUCT_NAME = "$(TARGET_NAME)";
				SWIFT_EMIT_LOC_STRINGS = NO;
				SWIFT_VERSION = 5.0;
				TARGETED_DEVICE_FAMILY = "1,2";
			};
			name = Debug;
		};
		0CABEC9C28DE69D900B9D25E /* Release */ = {
			isa = XCBuildConfiguration;
			buildSettings = {
				CODE_SIGN_STYLE = Automatic;
				CURRENT_PROJECT_VERSION = 1;
				GENERATE_INFOPLIST_FILE = YES;
				MARKETING_VERSION = 1.0;
				PRODUCT_BUNDLE_IDENTIFIER = "com.gosha-titov.MatcherTests";
				PRODUCT_NAME = "$(TARGET_NAME)";
				SWIFT_EMIT_LOC_STRINGS = NO;
				SWIFT_VERSION = 5.0;
				TARGETED_DEVICE_FAMILY = "1,2";
			};
			name = Release;
		};
		0CF21B9328DE305B007D57EE /* Debug */ = {
			isa = XCBuildConfiguration;
			buildSettings = {
				ALWAYS_SEARCH_USER_PATHS = NO;
				CLANG_ANALYZER_NONNULL = YES;
				CLANG_ANALYZER_NUMBER_OBJECT_CONVERSION = YES_AGGRESSIVE;
				CLANG_CXX_LANGUAGE_STANDARD = "gnu++17";
				CLANG_ENABLE_MODULES = YES;
				CLANG_ENABLE_OBJC_ARC = YES;
				CLANG_ENABLE_OBJC_WEAK = YES;
				CLANG_WARN_BLOCK_CAPTURE_AUTORELEASING = YES;
				CLANG_WARN_BOOL_CONVERSION = YES;
				CLANG_WARN_COMMA = YES;
				CLANG_WARN_CONSTANT_CONVERSION = YES;
				CLANG_WARN_DEPRECATED_OBJC_IMPLEMENTATIONS = YES;
				CLANG_WARN_DIRECT_OBJC_ISA_USAGE = YES_ERROR;
				CLANG_WARN_DOCUMENTATION_COMMENTS = YES;
				CLANG_WARN_EMPTY_BODY = YES;
				CLANG_WARN_ENUM_CONVERSION = YES;
				CLANG_WARN_INFINITE_RECURSION = YES;
				CLANG_WARN_INT_CONVERSION = YES;
				CLANG_WARN_NON_LITERAL_NULL_CONVERSION = YES;
				CLANG_WARN_OBJC_IMPLICIT_RETAIN_SELF = YES;
				CLANG_WARN_OBJC_LITERAL_CONVERSION = YES;
				CLANG_WARN_OBJC_ROOT_CLASS = YES_ERROR;
				CLANG_WARN_QUOTED_INCLUDE_IN_FRAMEWORK_HEADER = YES;
				CLANG_WARN_RANGE_LOOP_ANALYSIS = YES;
				CLANG_WARN_STRICT_PROTOTYPES = YES;
				CLANG_WARN_SUSPICIOUS_MOVE = YES;
				CLANG_WARN_UNGUARDED_AVAILABILITY = YES_AGGRESSIVE;
				CLANG_WARN_UNREACHABLE_CODE = YES;
				CLANG_WARN__DUPLICATE_METHOD_MATCH = YES;
				COPY_PHASE_STRIP = NO;
				CURRENT_PROJECT_VERSION = 1;
				DEBUG_INFORMATION_FORMAT = dwarf;
				ENABLE_STRICT_OBJC_MSGSEND = YES;
				ENABLE_TESTABILITY = YES;
				GCC_C_LANGUAGE_STANDARD = gnu11;
				GCC_DYNAMIC_NO_PIC = NO;
				GCC_NO_COMMON_BLOCKS = YES;
				GCC_OPTIMIZATION_LEVEL = 0;
				GCC_PREPROCESSOR_DEFINITIONS = (
					"DEBUG=1",
					"$(inherited)",
				);
				GCC_WARN_64_TO_32_BIT_CONVERSION = YES;
				GCC_WARN_ABOUT_RETURN_TYPE = YES_ERROR;
				GCC_WARN_UNDECLARED_SELECTOR = YES;
				GCC_WARN_UNINITIALIZED_AUTOS = YES_AGGRESSIVE;
				GCC_WARN_UNUSED_FUNCTION = YES;
				GCC_WARN_UNUSED_VARIABLE = YES;
				IPHONEOS_DEPLOYMENT_TARGET = 15.5;
				MTL_ENABLE_DEBUG_INFO = INCLUDE_SOURCE;
				MTL_FAST_MATH = YES;
				ONLY_ACTIVE_ARCH = YES;
				SDKROOT = iphoneos;
				SWIFT_ACTIVE_COMPILATION_CONDITIONS = DEBUG;
				SWIFT_OPTIMIZATION_LEVEL = "-Onone";
				VERSIONING_SYSTEM = "apple-generic";
				VERSION_INFO_PREFIX = "";
			};
			name = Debug;
		};
		0CF21B9428DE305B007D57EE /* Release */ = {
			isa = XCBuildConfiguration;
			buildSettings = {
				ALWAYS_SEARCH_USER_PATHS = NO;
				CLANG_ANALYZER_NONNULL = YES;
				CLANG_ANALYZER_NUMBER_OBJECT_CONVERSION = YES_AGGRESSIVE;
				CLANG_CXX_LANGUAGE_STANDARD = "gnu++17";
				CLANG_ENABLE_MODULES = YES;
				CLANG_ENABLE_OBJC_ARC = YES;
				CLANG_ENABLE_OBJC_WEAK = YES;
				CLANG_WARN_BLOCK_CAPTURE_AUTORELEASING = YES;
				CLANG_WARN_BOOL_CONVERSION = YES;
				CLANG_WARN_COMMA = YES;
				CLANG_WARN_CONSTANT_CONVERSION = YES;
				CLANG_WARN_DEPRECATED_OBJC_IMPLEMENTATIONS = YES;
				CLANG_WARN_DIRECT_OBJC_ISA_USAGE = YES_ERROR;
				CLANG_WARN_DOCUMENTATION_COMMENTS = YES;
				CLANG_WARN_EMPTY_BODY = YES;
				CLANG_WARN_ENUM_CONVERSION = YES;
				CLANG_WARN_INFINITE_RECURSION = YES;
				CLANG_WARN_INT_CONVERSION = YES;
				CLANG_WARN_NON_LITERAL_NULL_CONVERSION = YES;
				CLANG_WARN_OBJC_IMPLICIT_RETAIN_SELF = YES;
				CLANG_WARN_OBJC_LITERAL_CONVERSION = YES;
				CLANG_WARN_OBJC_ROOT_CLASS = YES_ERROR;
				CLANG_WARN_QUOTED_INCLUDE_IN_FRAMEWORK_HEADER = YES;
				CLANG_WARN_RANGE_LOOP_ANALYSIS = YES;
				CLANG_WARN_STRICT_PROTOTYPES = YES;
				CLANG_WARN_SUSPICIOUS_MOVE = YES;
				CLANG_WARN_UNGUARDED_AVAILABILITY = YES_AGGRESSIVE;
				CLANG_WARN_UNREACHABLE_CODE = YES;
				CLANG_WARN__DUPLICATE_METHOD_MATCH = YES;
				COPY_PHASE_STRIP = NO;
				CURRENT_PROJECT_VERSION = 1;
				DEBUG_INFORMATION_FORMAT = "dwarf-with-dsym";
				ENABLE_NS_ASSERTIONS = NO;
				ENABLE_STRICT_OBJC_MSGSEND = YES;
				GCC_C_LANGUAGE_STANDARD = gnu11;
				GCC_NO_COMMON_BLOCKS = YES;
				GCC_WARN_64_TO_32_BIT_CONVERSION = YES;
				GCC_WARN_ABOUT_RETURN_TYPE = YES_ERROR;
				GCC_WARN_UNDECLARED_SELECTOR = YES;
				GCC_WARN_UNINITIALIZED_AUTOS = YES_AGGRESSIVE;
				GCC_WARN_UNUSED_FUNCTION = YES;
				GCC_WARN_UNUSED_VARIABLE = YES;
				IPHONEOS_DEPLOYMENT_TARGET = 15.5;
				MTL_ENABLE_DEBUG_INFO = NO;
				MTL_FAST_MATH = YES;
				SDKROOT = iphoneos;
				SWIFT_COMPILATION_MODE = wholemodule;
				SWIFT_OPTIMIZATION_LEVEL = "-O";
				VALIDATE_PRODUCT = YES;
				VERSIONING_SYSTEM = "apple-generic";
				VERSION_INFO_PREFIX = "";
			};
			name = Release;
		};
		0CF21B9628DE305B007D57EE /* Debug */ = {
			isa = XCBuildConfiguration;
			buildSettings = {
				CLANG_ENABLE_MODULES = YES;
				CODE_SIGN_STYLE = Automatic;
				CURRENT_PROJECT_VERSION = 1;
				DEFINES_MODULE = YES;
				DYLIB_COMPATIBILITY_VERSION = 1;
				DYLIB_CURRENT_VERSION = 1;
				DYLIB_INSTALL_NAME_BASE = "@rpath";
				GENERATE_INFOPLIST_FILE = YES;
				INFOPLIST_KEY_NSHumanReadableCopyright = "";
				INSTALL_PATH = "$(LOCAL_LIBRARY_DIR)/Frameworks";
				LD_RUNPATH_SEARCH_PATHS = (
					"$(inherited)",
					"@executable_path/Frameworks",
					"@loader_path/Frameworks",
				);
				MARKETING_VERSION = 1.0;
				PRODUCT_BUNDLE_IDENTIFIER = "com.gosha-titov.Matcher";
				PRODUCT_NAME = "$(TARGET_NAME:c99extidentifier)";
				SKIP_INSTALL = YES;
				SWIFT_EMIT_LOC_STRINGS = YES;
				SWIFT_OPTIMIZATION_LEVEL = "-Onone";
				SWIFT_VERSION = 5.0;
				TARGETED_DEVICE_FAMILY = "1,2";
			};
			name = Debug;
		};
		0CF21B9728DE305B007D57EE /* Release */ = {
			isa = XCBuildConfiguration;
			buildSettings = {
				CLANG_ENABLE_MODULES = YES;
				CODE_SIGN_STYLE = Automatic;
				CURRENT_PROJECT_VERSION = 1;
				DEFINES_MODULE = YES;
				DYLIB_COMPATIBILITY_VERSION = 1;
				DYLIB_CURRENT_VERSION = 1;
				DYLIB_INSTALL_NAME_BASE = "@rpath";
				GENERATE_INFOPLIST_FILE = YES;
				INFOPLIST_KEY_NSHumanReadableCopyright = "";
				INSTALL_PATH = "$(LOCAL_LIBRARY_DIR)/Frameworks";
				LD_RUNPATH_SEARCH_PATHS = (
					"$(inherited)",
					"@executable_path/Frameworks",
					"@loader_path/Frameworks",
				);
				MARKETING_VERSION = 1.0;
				PRODUCT_BUNDLE_IDENTIFIER = "com.gosha-titov.Matcher";
				PRODUCT_NAME = "$(TARGET_NAME:c99extidentifier)";
				SKIP_INSTALL = YES;
				SWIFT_EMIT_LOC_STRINGS = YES;
				SWIFT_VERSION = 5.0;
				TARGETED_DEVICE_FAMILY = "1,2";
			};
			name = Release;
		};
/* End XCBuildConfiguration section */

/* Begin XCConfigurationList section */
		0CABEC9A28DE69D900B9D25E /* Build configuration list for PBXNativeTarget "MatcherTests" */ = {
			isa = XCConfigurationList;
			buildConfigurations = (
				0CABEC9B28DE69D900B9D25E /* Debug */,
				0CABEC9C28DE69D900B9D25E /* Release */,
			);
			defaultConfigurationIsVisible = 0;
			defaultConfigurationName = Release;
		};
		0CF21B8828DE305B007D57EE /* Build configuration list for PBXProject "Matcher" */ = {
			isa = XCConfigurationList;
			buildConfigurations = (
				0CF21B9328DE305B007D57EE /* Debug */,
				0CF21B9428DE305B007D57EE /* Release */,
			);
			defaultConfigurationIsVisible = 0;
			defaultConfigurationName = Release;
		};
		0CF21B9528DE305B007D57EE /* Build configuration list for PBXNativeTarget "Matcher" */ = {
			isa = XCConfigurationList;
			buildConfigurations = (
				0CF21B9628DE305B007D57EE /* Debug */,
				0CF21B9728DE305B007D57EE /* Release */,
			);
			defaultConfigurationIsVisible = 0;
			defaultConfigurationName = Release;
		};
/* End XCConfigurationList section */
	};
	rootObject = 0CF21B8528DE305B007D57EE /* Project object */;
}
